
Microsoft Visual Studio Solution File, Format Version 12.00
# Visual Studio 2017
Project("{FAE04EC0-301F-11D3-BF4B-00C04F79EFBC}") = "ProjectESGS", "ProjectESGS.csproj", "{8D00CC63-56DB-1FCA-23DB-ED4CE63F70D8}"
EndProject
Project("{FAE04EC0-301F-11D3-BF4B-00C04F79EFBC}") = "ProjectESGS.Editor", "ProjectESGS.Editor.csproj", "{6C7F7A91-F2F5-1F39-3C88-E0F6E6AA7D8B}"
EndProject
Global
	GlobalSection(SolutionConfigurationPlatforms) = preSolution
		Debug|Any CPU = Debug|Any CPU
		Release|Any CPU = Release|Any CPU
	EndGlobalSection
	GlobalSection(ProjectConfigurationPlatforms) = postSolution
		{8D00CC63-56DB-1FCA-23DB-ED4CE63F70D8}.Debug|Any CPU.ActiveCfg = Debug|Any CPU
		{8D00CC63-56DB-1FCA-23DB-ED4CE63F70D8}.Debug|Any CPU.Build.0 = Debug|Any CPU
		{8D00CC63-56DB-1FCA-23DB-ED4CE63F70D8}.Release|Any CPU.ActiveCfg = Release|Any CPU
		{8D00CC63-56DB-1FCA-23DB-ED4CE63F70D8}.Release|Any CPU.Build.0 = Release|Any CPU
		{6C7F7A91-F2F5-1F39-3C88-E0F6E6AA7D8B}.Debug|Any CPU.ActiveCfg = Debug|Any CPU
		{6C7F7A91-F2F5-1F39-3C88-E0F6E6AA7D8B}.Debug|Any CPU.Build.0 = Debug|Any CPU
		{6C7F7A91-F2F5-1F39-3C88-E0F6E6AA7D8B}.Release|Any CPU.ActiveCfg = Release|Any CPU
		{6C7F7A91-F2F5-1F39-3C88-E0F6E6AA7D8B}.Release|Any CPU.Build.0 = Release|Any CPU
	EndGlobalSection
	GlobalSection(SolutionProperties) = preSolution
		HideSolutionNode = FALSE
	EndGlobalSection
EndGlobal
